
Microsoft Visual Studio Solution File, Format Version 12.00
# Visual Studio Version 17
VisualStudioVersion = 17.7.34003.232
MinimumVisualStudioVersion = 10.0.40219.1
Project("{FAE04EC0-301F-11D3-BF4B-00C04F79EFBC}") = "СodePulse.API", "СodePulse.API\СodePulse.API.csproj", "{1B5A375C-C14A-4DB6-9615-DF821413856F}"
EndProject
Global
	GlobalSection(SolutionConfigurationPlatforms) = preSolution
		Debug|Any CPU = Debug|Any CPU
		Release|Any CPU = Release|Any CPU
	EndGlobalSection
	GlobalSection(ProjectConfigurationPlatforms) = postSolution
		{1B5A375C-C14A-4DB6-9615-DF821413856F}.Debug|Any CPU.ActiveCfg = Debug|Any CPU
		{1B5A375C-C14A-4DB6-9615-DF821413856F}.Debug|Any CPU.Build.0 = Debug|Any CPU
		{1B5A375C-C14A-4DB6-9615-DF821413856F}.Release|Any CPU.ActiveCfg = Release|Any CPU
		{1B5A375C-C14A-4DB6-9615-DF821413856F}.Release|Any CPU.Build.0 = Release|Any CPU
	EndGlobalSection
	GlobalSection(SolutionProperties) = preSolution
		HideSolutionNode = FALSE
	EndGlobalSection
	GlobalSection(ExtensibilityGlobals) = postSolution
		SolutionGuid = {FDA17CD9-8CFC-4C39-B8B1-A16F86399956}
	EndGlobalSection
EndGlobal
